
Microsoft Visual Studio Solution File, Format Version 12.00
# Visual Studio Version 17
VisualStudioVersion = 17.2.32630.192
MinimumVisualStudioVersion = 10.0.40219.1
Project("{FAE04EC0-301F-11D3-BF4B-00C04F79EFBC}") = "MyHealth.API", "MyHealth.API\MyHealth.API.csproj", "{4DA756CB-079F-4D82-A8FB-416247F241B4}"
EndProject
Project("{FAE04EC0-301F-11D3-BF4B-00C04F79EFBC}") = "MyHealth.Application", "MyHealth.Application\MyHealth.Application.csproj", "{375AD3ED-F785-4EBF-B574-AB84EFEA8839}"
EndProject
Project("{FAE04EC0-301F-11D3-BF4B-00C04F79EFBC}") = "MyHealth.Domain", "MyHealth.Domain\MyHealth.Domain.csproj", "{E97A2E74-0E0D-4BF3-9586-A5AC37B2AA10}"
EndProject
Project("{FAE04EC0-301F-11D3-BF4B-00C04F79EFBC}") = "MyHealth.Persistence", "MyHealth.Persistence\MyHealth.Persistence.csproj", "{7222EAAF-838B-4EC2-971B-280253926E0C}"
EndProject
Project("{FAE04EC0-301F-11D3-BF4B-00C04F79EFBC}") = "MyHealth.Server", "MyHealth.Server\MyHealth.Server.csproj", "{AFFB9CDC-A9F2-4C26-BA00-DAE3C88D345B}"
EndProject
Global
	GlobalSection(SolutionConfigurationPlatforms) = preSolution
		Debug|Any CPU = Debug|Any CPU
		Release|Any CPU = Release|Any CPU
	EndGlobalSection
	GlobalSection(ProjectConfigurationPlatforms) = postSolution
		{4DA756CB-079F-4D82-A8FB-416247F241B4}.Debug|Any CPU.ActiveCfg = Debug|Any CPU
		{4DA756CB-079F-4D82-A8FB-416247F241B4}.Debug|Any CPU.Build.0 = Debug|Any CPU
		{4DA756CB-079F-4D82-A8FB-416247F241B4}.Release|Any CPU.ActiveCfg = Release|Any CPU
		{4DA756CB-079F-4D82-A8FB-416247F241B4}.Release|Any CPU.Build.0 = Release|Any CPU
		{375AD3ED-F785-4EBF-B574-AB84EFEA8839}.Debug|Any CPU.ActiveCfg = Debug|Any CPU
		{375AD3ED-F785-4EBF-B574-AB84EFEA8839}.Debug|Any CPU.Build.0 = Debug|Any CPU
		{375AD3ED-F785-4EBF-B574-AB84EFEA8839}.Release|Any CPU.ActiveCfg = Release|Any CPU
		{375AD3ED-F785-4EBF-B574-AB84EFEA8839}.Release|Any CPU.Build.0 = Release|Any CPU
		{E97A2E74-0E0D-4BF3-9586-A5AC37B2AA10}.Debug|Any CPU.ActiveCfg = Debug|Any CPU
		{E97A2E74-0E0D-4BF3-9586-A5AC37B2AA10}.Debug|Any CPU.Build.0 = Debug|Any CPU
		{E97A2E74-0E0D-4BF3-9586-A5AC37B2AA10}.Release|Any CPU.ActiveCfg = Release|Any CPU
		{E97A2E74-0E0D-4BF3-9586-A5AC37B2AA10}.Release|Any CPU.Build.0 = Release|Any CPU
		{7222EAAF-838B-4EC2-971B-280253926E0C}.Debug|Any CPU.ActiveCfg = Debug|Any CPU
		{7222EAAF-838B-4EC2-971B-280253926E0C}.Debug|Any CPU.Build.0 = Debug|Any CPU
		{7222EAAF-838B-4EC2-971B-280253926E0C}.Release|Any CPU.ActiveCfg = Release|Any CPU
		{7222EAAF-838B-4EC2-971B-280253926E0C}.Release|Any CPU.Build.0 = Release|Any CPU
		{AFFB9CDC-A9F2-4C26-BA00-DAE3C88D345B}.Debug|Any CPU.ActiveCfg = Debug|Any CPU
		{AFFB9CDC-A9F2-4C26-BA00-DAE3C88D345B}.Debug|Any CPU.Build.0 = Debug|Any CPU
		{AFFB9CDC-A9F2-4C26-BA00-DAE3C88D345B}.Release|Any CPU.ActiveCfg = Release|Any CPU
		{AFFB9CDC-A9F2-4C26-BA00-DAE3C88D345B}.Release|Any CPU.Build.0 = Release|Any CPU
	EndGlobalSection
	GlobalSection(SolutionProperties) = preSolution
		HideSolutionNode = FALSE
	EndGlobalSection
	GlobalSection(ExtensibilityGlobals) = postSolution
		SolutionGuid = {19218B64-F762-47EF-9DBE-1ED8B20202D5}
	EndGlobalSection
EndGlobal
